{
  "name": "pi-spi",
  "version": "1.0.3",
  "lockfileVersion": 1,
  "requires": true,
  "dependencies": {
    "nan": {
      "version": "2.12.1",
      "resolved": "https://registry.npmjs.org/nan/-/nan-2.12.1.tgz",
      "integrity": "sha512-JY7V6lRkStKcKTvHO5NVSQRv+RV+FIL5pvDoLiAtSL9pKlC5x9PKQcZDsq7m4FO4d57mkhC6Z+QhAh3Jdk5JFw=="
    },
    "pi-spi-native": {
      "version": "git://github.com/bradhugh/pi-spi-native.git#1645d6331dfb8486eab86a9bc3b34ab7bdb2b55d",
      "from": "git://github.com/bradhugh/pi-spi-native.git",
      "requires": {
        "nan": "^2.3.5"
      }
    }
  }
}
